
Microsoft Visual Studio Solution File, Format Version 12.00
# Visual Studio Version 17
VisualStudioVersion = 17.4.33122.133
MinimumVisualStudioVersion = 10.0.40219.1
Project("{FAE04EC0-301F-11D3-BF4B-00C04F79EFBC}") = "exemploListas", "exemploListas.csproj", "{EBB54593-785C-4EA4-B374-D9F50591A162}"
EndProject
Global
	GlobalSection(SolutionConfigurationPlatforms) = preSolution
		Debug|Any CPU = Debug|Any CPU
		Release|Any CPU = Release|Any CPU
	EndGlobalSection
	GlobalSection(ProjectConfigurationPlatforms) = postSolution
		{EBB54593-785C-4EA4-B374-D9F50591A162}.Debug|Any CPU.ActiveCfg = Debug|Any CPU
		{EBB54593-785C-4EA4-B374-D9F50591A162}.Debug|Any CPU.Build.0 = Debug|Any CPU
		{EBB54593-785C-4EA4-B374-D9F50591A162}.Release|Any CPU.ActiveCfg = Release|Any CPU
		{EBB54593-785C-4EA4-B374-D9F50591A162}.Release|Any CPU.Build.0 = Release|Any CPU
	EndGlobalSection
	GlobalSection(SolutionProperties) = preSolution
		HideSolutionNode = FALSE
	EndGlobalSection
	GlobalSection(ExtensibilityGlobals) = postSolution
		SolutionGuid = {80977FF7-973C-4B89-B4F2-0F8DF565E55A}
	EndGlobalSection
EndGlobal
